
Microsoft Visual Studio Solution File, Format Version 10.00
# Visual Studio 2008
Project("{FAE04EC0-301F-11D3-BF4B-00C04F79EFBC}") = "Rhino.Security-vs2008", "Rhino.Security\Rhino.Security-vs2008.csproj", "{DBA372FE-3D52-45B3-AF82-B37696328764}"
EndProject
Project("{FAE04EC0-301F-11D3-BF4B-00C04F79EFBC}") = "Rhino.Security.Tests-vs2008", "Rhino.Security.Tests\Rhino.Security.Tests-vs2008.csproj", "{558B3AE3-C408-4DB0-AC79-386BC12379BE}"
EndProject
Project("{2150E333-8FDC-42A3-9474-1A3956D46DE8}") = "Dependencies", "Dependencies", "{FC06D4B7-409C-4444-982D-AE998D0090E7}"
EndProject
Project("{FAE04EC0-301F-11D3-BF4B-00C04F79EFBC}") = "Rhino.Commons-vs2008", "..\rhino-commons\Rhino.Commons\Rhino.Commons-vs2008.csproj", "{F6321543-E1EC-4999-A562-D9F060C8E3DF}"
EndProject
Project("{FAE04EC0-301F-11D3-BF4B-00C04F79EFBC}") = "Rhino.DSL", "..\rhino-dsl\Rhino.DSL\Rhino.DSL.csproj", "{B788F27C-E00A-434A-81AA-1D592E030934}"
EndProject
Project("{FAE04EC0-301F-11D3-BF4B-00C04F79EFBC}") = "Rhino.Commons.ActiveRecord-vs2008", "..\rhino-commons\Rhino.Commons.ActiveRecord\Rhino.Commons.ActiveRecord-vs2008.csproj", "{2B796A66-19FC-4E72-BB02-DC16D878725A}"
EndProject
Project("{FAE04EC0-301F-11D3-BF4B-00C04F79EFBC}") = "Rhino.Commons.Clr-vs2008", "..\rhino-commons\Rhino.Commons.Clr\Rhino.Commons.Clr-vs2008.csproj", "{77693BCD-4C8A-4523-AEE7-8AB46C1034E7}"
EndProject
Project("{FAE04EC0-301F-11D3-BF4B-00C04F79EFBC}") = "Rhino.Commons.NHibernate-v2008", "..\rhino-commons\Rhino.Commons.NHibernate\Rhino.Commons.NHibernate-v2008.csproj", "{BF4E220E-5AF8-4448-ABA9-981D69AB8775}"
EndProject
Project("{FAE04EC0-301F-11D3-BF4B-00C04F79EFBC}") = "Rhino.Commons.Test-vs2008", "..\rhino-commons\Rhino.Commons.Test\Rhino.Commons.Test-vs2008.csproj", "{EE98519D-104D-4A31-ADD8-82C5F836018C}"
EndProject
Project("{FAE04EC0-301F-11D3-BF4B-00C04F79EFBC}") = "Rhino.Commons.Binsor", "..\rhino-commons\Rhino.Commons.Binsor\Rhino.Commons.Binsor.csproj", "{CCB0BEBF-146A-4C42-B22A-1EB338E4EA8B}"
EndProject
Project("{FAE04EC0-301F-11D3-BF4B-00C04F79EFBC}") = "Rhino.Security.ActiveRecord", "Rhino.Security.ActiveRecord\Rhino.Security.ActiveRecord.csproj", "{5FCDDA8A-B305-474E-AD27-4DEF6CB042B6}"
EndProject
Global
	GlobalSection(SolutionConfigurationPlatforms) = preSolution
		Debug|Any CPU = Debug|Any CPU
		Release|Any CPU = Release|Any CPU
		Start|Any CPU = Start|Any CPU
	EndGlobalSection
	GlobalSection(ProjectConfigurationPlatforms) = postSolution
		{DBA372FE-3D52-45B3-AF82-B37696328764}.Debug|Any CPU.ActiveCfg = Debug|Any CPU
		{DBA372FE-3D52-45B3-AF82-B37696328764}.Debug|Any CPU.Build.0 = Debug|Any CPU
		{DBA372FE-3D52-45B3-AF82-B37696328764}.Release|Any CPU.ActiveCfg = Release|Any CPU
		{DBA372FE-3D52-45B3-AF82-B37696328764}.Release|Any CPU.Build.0 = Release|Any CPU
		{DBA372FE-3D52-45B3-AF82-B37696328764}.Start|Any CPU.ActiveCfg = Release|Any CPU
		{DBA372FE-3D52-45B3-AF82-B37696328764}.Start|Any CPU.Build.0 = Release|Any CPU
		{558B3AE3-C408-4DB0-AC79-386BC12379BE}.Debug|Any CPU.ActiveCfg = Debug|Any CPU
		{558B3AE3-C408-4DB0-AC79-386BC12379BE}.Debug|Any CPU.Build.0 = Debug|Any CPU
		{558B3AE3-C408-4DB0-AC79-386BC12379BE}.Release|Any CPU.ActiveCfg = Release|Any CPU
		{558B3AE3-C408-4DB0-AC79-386BC12379BE}.Release|Any CPU.Build.0 = Release|Any CPU
		{558B3AE3-C408-4DB0-AC79-386BC12379BE}.Start|Any CPU.ActiveCfg = Release|Any CPU
		{558B3AE3-C408-4DB0-AC79-386BC12379BE}.Start|Any CPU.Build.0 = Release|Any CPU
		{F6321543-E1EC-4999-A562-D9F060C8E3DF}.Debug|Any CPU.ActiveCfg = Debug|Any CPU
		{F6321543-E1EC-4999-A562-D9F060C8E3DF}.Debug|Any CPU.Build.0 = Debug|Any CPU
		{F6321543-E1EC-4999-A562-D9F060C8E3DF}.Release|Any CPU.ActiveCfg = Release|Any CPU
		{F6321543-E1EC-4999-A562-D9F060C8E3DF}.Release|Any CPU.Build.0 = Release|Any CPU
		{F6321543-E1EC-4999-A562-D9F060C8E3DF}.Start|Any CPU.ActiveCfg = Release|Any CPU
		{F6321543-E1EC-4999-A562-D9F060C8E3DF}.Start|Any CPU.Build.0 = Release|Any CPU
		{B788F27C-E00A-434A-81AA-1D592E030934}.Debug|Any CPU.ActiveCfg = Debug|Any CPU
		{B788F27C-E00A-434A-81AA-1D592E030934}.Debug|Any CPU.Build.0 = Debug|Any CPU
		{B788F27C-E00A-434A-81AA-1D592E030934}.Release|Any CPU.ActiveCfg = Release|Any CPU
		{B788F27C-E00A-434A-81AA-1D592E030934}.Release|Any CPU.Build.0 = Release|Any CPU
		{B788F27C-E00A-434A-81AA-1D592E030934}.Start|Any CPU.ActiveCfg = Release|Any CPU
		{B788F27C-E00A-434A-81AA-1D592E030934}.Start|Any CPU.Build.0 = Release|Any CPU
		{2B796A66-19FC-4E72-BB02-DC16D878725A}.Debug|Any CPU.ActiveCfg = Debug|Any CPU
		{2B796A66-19FC-4E72-BB02-DC16D878725A}.Debug|Any CPU.Build.0 = Debug|Any CPU
		{2B796A66-19FC-4E72-BB02-DC16D878725A}.Release|Any CPU.ActiveCfg = Release|Any CPU
		{2B796A66-19FC-4E72-BB02-DC16D878725A}.Release|Any CPU.Build.0 = Release|Any CPU
		{2B796A66-19FC-4E72-BB02-DC16D878725A}.Start|Any CPU.ActiveCfg = Release|Any CPU
		{2B796A66-19FC-4E72-BB02-DC16D878725A}.Start|Any CPU.Build.0 = Release|Any CPU
		{77693BCD-4C8A-4523-AEE7-8AB46C1034E7}.Debug|Any CPU.ActiveCfg = Debug|Any CPU
		{77693BCD-4C8A-4523-AEE7-8AB46C1034E7}.Debug|Any CPU.Build.0 = Debug|Any CPU
		{77693BCD-4C8A-4523-AEE7-8AB46C1034E7}.Release|Any CPU.ActiveCfg = Release|Any CPU
		{77693BCD-4C8A-4523-AEE7-8AB46C1034E7}.Release|Any CPU.Build.0 = Release|Any CPU
		{77693BCD-4C8A-4523-AEE7-8AB46C1034E7}.Start|Any CPU.ActiveCfg = Release|Any CPU
		{77693BCD-4C8A-4523-AEE7-8AB46C1034E7}.Start|Any CPU.Build.0 = Release|Any CPU
		{BF4E220E-5AF8-4448-ABA9-981D69AB8775}.Debug|Any CPU.ActiveCfg = Debug|Any CPU
		{BF4E220E-5AF8-4448-ABA9-981D69AB8775}.Debug|Any CPU.Build.0 = Debug|Any CPU
		{BF4E220E-5AF8-4448-ABA9-981D69AB8775}.Release|Any CPU.ActiveCfg = Release|Any CPU
		{BF4E220E-5AF8-4448-ABA9-981D69AB8775}.Release|Any CPU.Build.0 = Release|Any CPU
		{BF4E220E-5AF8-4448-ABA9-981D69AB8775}.Start|Any CPU.ActiveCfg = Release|Any CPU
		{BF4E220E-5AF8-4448-ABA9-981D69AB8775}.Start|Any CPU.Build.0 = Release|Any CPU
		{EE98519D-104D-4A31-ADD8-82C5F836018C}.Debug|Any CPU.ActiveCfg = Debug|Any CPU
		{EE98519D-104D-4A31-ADD8-82C5F836018C}.Debug|Any CPU.Build.0 = Debug|Any CPU
		{EE98519D-104D-4A31-ADD8-82C5F836018C}.Release|Any CPU.ActiveCfg = Release|Any CPU
		{EE98519D-104D-4A31-ADD8-82C5F836018C}.Release|Any CPU.Build.0 = Release|Any CPU
		{EE98519D-104D-4A31-ADD8-82C5F836018C}.Start|Any CPU.ActiveCfg = Start|Any CPU
		{EE98519D-104D-4A31-ADD8-82C5F836018C}.Start|Any CPU.Build.0 = Start|Any CPU
		{CCB0BEBF-146A-4C42-B22A-1EB338E4EA8B}.Debug|Any CPU.ActiveCfg = Debug|Any CPU
		{CCB0BEBF-146A-4C42-B22A-1EB338E4EA8B}.Debug|Any CPU.Build.0 = Debug|Any CPU
		{CCB0BEBF-146A-4C42-B22A-1EB338E4EA8B}.Release|Any CPU.ActiveCfg = Release|Any CPU
		{CCB0BEBF-146A-4C42-B22A-1EB338E4EA8B}.Release|Any CPU.Build.0 = Release|Any CPU
		{CCB0BEBF-146A-4C42-B22A-1EB338E4EA8B}.Start|Any CPU.ActiveCfg = Release|Any CPU
		{CCB0BEBF-146A-4C42-B22A-1EB338E4EA8B}.Start|Any CPU.Build.0 = Release|Any CPU
		{5FCDDA8A-B305-474E-AD27-4DEF6CB042B6}.Debug|Any CPU.ActiveCfg = Debug|Any CPU
		{5FCDDA8A-B305-474E-AD27-4DEF6CB042B6}.Debug|Any CPU.Build.0 = Debug|Any CPU
		{5FCDDA8A-B305-474E-AD27-4DEF6CB042B6}.Release|Any CPU.ActiveCfg = Release|Any CPU
		{5FCDDA8A-B305-474E-AD27-4DEF6CB042B6}.Release|Any CPU.Build.0 = Release|Any CPU
		{5FCDDA8A-B305-474E-AD27-4DEF6CB042B6}.Start|Any CPU.ActiveCfg = Release|Any CPU
		{5FCDDA8A-B305-474E-AD27-4DEF6CB042B6}.Start|Any CPU.Build.0 = Release|Any CPU
	EndGlobalSection
	GlobalSection(SolutionProperties) = preSolution
		HideSolutionNode = FALSE
	EndGlobalSection
	GlobalSection(NestedProjects) = preSolution
		{F6321543-E1EC-4999-A562-D9F060C8E3DF} = {FC06D4B7-409C-4444-982D-AE998D0090E7}
		{B788F27C-E00A-434A-81AA-1D592E030934} = {FC06D4B7-409C-4444-982D-AE998D0090E7}
		{2B796A66-19FC-4E72-BB02-DC16D878725A} = {FC06D4B7-409C-4444-982D-AE998D0090E7}
		{77693BCD-4C8A-4523-AEE7-8AB46C1034E7} = {FC06D4B7-409C-4444-982D-AE998D0090E7}
		{BF4E220E-5AF8-4448-ABA9-981D69AB8775} = {FC06D4B7-409C-4444-982D-AE998D0090E7}
		{EE98519D-104D-4A31-ADD8-82C5F836018C} = {FC06D4B7-409C-4444-982D-AE998D0090E7}
		{CCB0BEBF-146A-4C42-B22A-1EB338E4EA8B} = {FC06D4B7-409C-4444-982D-AE998D0090E7}
	EndGlobalSection
EndGlobal
